
Microsoft Visual Studio Solution File, Format Version 12.00
# Visual Studio 15
VisualStudioVersion = 15.0.28010.2026
MinimumVisualStudioVersion = 10.0.40219.1
Project("{FAE04EC0-301F-11D3-BF4B-00C04F79EFBC}") = "Injection de dépendance", "Injection de dépendance\Injection de dépendance.csproj", "{75C42C5B-34C8-4A18-B9FF-29194D40B51D}"
EndProject
Global
	GlobalSection(SolutionConfigurationPlatforms) = preSolution
		Debug|Any CPU = Debug|Any CPU
		Release|Any CPU = Release|Any CPU
	EndGlobalSection
	GlobalSection(ProjectConfigurationPlatforms) = postSolution
		{75C42C5B-34C8-4A18-B9FF-29194D40B51D}.Debug|Any CPU.ActiveCfg = Debug|Any CPU
		{75C42C5B-34C8-4A18-B9FF-29194D40B51D}.Debug|Any CPU.Build.0 = Debug|Any CPU
		{75C42C5B-34C8-4A18-B9FF-29194D40B51D}.Release|Any CPU.ActiveCfg = Release|Any CPU
		{75C42C5B-34C8-4A18-B9FF-29194D40B51D}.Release|Any CPU.Build.0 = Release|Any CPU
	EndGlobalSection
	GlobalSection(SolutionProperties) = preSolution
		HideSolutionNode = FALSE
	EndGlobalSection
	GlobalSection(ExtensibilityGlobals) = postSolution
		SolutionGuid = {1CA0F4DC-5423-4218-9A52-6235A2DB00B9}
	EndGlobalSection
EndGlobal
